// !$*UTF8*$!
{
	archiveVersion = 1;
	classes = {
	};
	objectVersion = 50;
	objects = {

/* Begin PBXBuildFile section */
		841DB2B32625E488007BAB33 /* InputController.swift in Sources */ = {isa = PBXBuildFile; fileRef = 841DB2B22625E487007BAB33 /* InputController.swift */; };
		8492D420262482F10031B316 /* AppDelegate.swift in Sources */ = {isa = PBXBuildFile; fileRef = 8492D41F262482F10031B316 /* AppDelegate.swift */; };
		8492D422262482F10031B316 /* SceneDelegate.swift in Sources */ = {isa = PBXBuildFile; fileRef = 8492D421262482F10031B316 /* SceneDelegate.swift */; };
		8492D424262482F10031B316 /* ViewController.swift in Sources */ = {isa = PBXBuildFile; fileRef = 8492D423262482F10031B316 /* ViewController.swift */; };
		8492D427262482F10031B316 /* Main.storyboard in Resources */ = {isa = PBXBuildFile; fileRef = 8492D425262482F10031B316 /* Main.storyboard */; };
		8492D429262482F40031B316 /* Assets.xcassets in Resources */ = {isa = PBXBuildFile; fileRef = 8492D428262482F40031B316 /* Assets.xcassets */; };
		8492D42C262482F40031B316 /* LaunchScreen.storyboard in Resources */ = {isa = PBXBuildFile; fileRef = 8492D42A262482F40031B316 /* LaunchScreen.storyboard */; };
		8492D437262482F40031B316 /* CombineAlgorithmTests.swift in Sources */ = {isa = PBXBuildFile; fileRef = 8492D436262482F40031B316 /* CombineAlgorithmTests.swift */; };
		8492D442262482F40031B316 /* CombineAlgorithmUITests.swift in Sources */ = {isa = PBXBuildFile; fileRef = 8492D441262482F40031B316 /* CombineAlgorithmUITests.swift */; };
		8492D460262483970031B316 /* Backend.swift in Sources */ = {isa = PBXBuildFile; fileRef = 8492D45F262483970031B316 /* Backend.swift */; };
		8492D468262485CD0031B316 /* BackendTaskStub.swift in Sources */ = {isa = PBXBuildFile; fileRef = 8492D467262485CD0031B316 /* BackendTaskStub.swift */; };
		84BE0D2F262722A80056F536 /* WeakContainer.swift in Sources */ = {isa = PBXBuildFile; fileRef = 84BE0D2E262722A80056F536 /* WeakContainer.swift */; };
		84BE0D35262722EA0056F536 /* WeakStorage.swift in Sources */ = {isa = PBXBuildFile; fileRef = 84BE0D34262722EA0056F536 /* WeakStorage.swift */; };
		84BE0D3D262739AF0056F536 /* ControlCombineListener.swift in Sources */ = {isa = PBXBuildFile; fileRef = 84BE0D3C262739AF0056F536 /* ControlCombineListener.swift */; };
		84BE0D422627DFDC0056F536 /* DisposeBag.swift in Sources */ = {isa = PBXBuildFile; fileRef = 84BE0D412627DFDC0056F536 /* DisposeBag.swift */; };
/* End PBXBuildFile section */

/* Begin PBXContainerItemProxy section */
		8492D433262482F40031B316 /* PBXContainerItemProxy */ = {
			isa = PBXContainerItemProxy;
			containerPortal = 8492D414262482F10031B316 /* Project object */;
			proxyType = 1;
			remoteGlobalIDString = 8492D41B262482F10031B316;
			remoteInfo = CombineAlgorithm;
		};
		8492D43E262482F40031B316 /* PBXContainerItemProxy */ = {
			isa = PBXContainerItemProxy;
			containerPortal = 8492D414262482F10031B316 /* Project object */;
			proxyType = 1;
			remoteGlobalIDString = 8492D41B262482F10031B316;
			remoteInfo = CombineAlgorithm;
		};
/* End PBXContainerItemProxy section */

/* Begin PBXFileReference section */
		841DB2B22625E487007BAB33 /* InputController.swift */ = {isa = PBXFileReference; lastKnownFileType = sourcecode.swift; path = InputController.swift; sourceTree = "<group>"; };
		8492D41C262482F10031B316 /* CombineAlgorithm.app */ = {isa = PBXFileReference; explicitFileType = wrapper.application; includeInIndex = 0; path = CombineAlgorithm.app; sourceTree = BUILT_PRODUCTS_DIR; };
		8492D41F262482F10031B316 /* AppDelegate.swift */ = {isa = PBXFileReference; lastKnownFileType = sourcecode.swift; path = AppDelegate.swift; sourceTree = "<group>"; };
		8492D421262482F10031B316 /* SceneDelegate.swift */ = {isa = PBXFileReference; lastKnownFileType = sourcecode.swift; path = SceneDelegate.swift; sourceTree = "<group>"; };
		8492D423262482F10031B316 /* ViewController.swift */ = {isa = PBXFileReference; lastKnownFileType = sourcecode.swift; path = ViewController.swift; sourceTree = "<group>"; };
		8492D426262482F10031B316 /* Base */ = {isa = PBXFileReference; lastKnownFileType = file.storyboard; name = Base; path = Base.lproj/Main.storyboard; sourceTree = "<group>"; };
		8492D428262482F40031B316 /* Assets.xcassets */ = {isa = PBXFileReference; lastKnownFileType = folder.assetcatalog; path = Assets.xcassets; sourceTree = "<group>"; };
		8492D42B262482F40031B316 /* Base */ = {isa = PBXFileReference; lastKnownFileType = file.storyboard; name = Base; path = Base.lproj/LaunchScreen.storyboard; sourceTree = "<group>"; };
		8492D42D262482F40031B316 /* Info.plist */ = {isa = PBXFileReference; lastKnownFileType = text.plist.xml; path = Info.plist; sourceTree = "<group>"; };
		8492D432262482F40031B316 /* CombineAlgorithmTests.xctest */ = {isa = PBXFileReference; explicitFileType = wrapper.cfbundle; includeInIndex = 0; path = CombineAlgorithmTests.xctest; sourceTree = BUILT_PRODUCTS_DIR; };
		8492D436262482F40031B316 /* CombineAlgorithmTests.swift */ = {isa = PBXFileReference; lastKnownFileType = sourcecode.swift; path = CombineAlgorithmTests.swift; sourceTree = "<group>"; };
		8492D438262482F40031B316 /* Info.plist */ = {isa = PBXFileReference; lastKnownFileType = text.plist.xml; path = Info.plist; sourceTree = "<group>"; };
		8492D43D262482F40031B316 /* CombineAlgorithmUITests.xctest */ = {isa = PBXFileReference; explicitFileType = wrapper.cfbundle; includeInIndex = 0; path = CombineAlgorithmUITests.xctest; sourceTree = BUILT_PRODUCTS_DIR; };
		8492D441262482F40031B316 /* CombineAlgorithmUITests.swift */ = {isa = PBXFileReference; lastKnownFileType = sourcecode.swift; path = CombineAlgorithmUITests.swift; sourceTree = "<group>"; };
		8492D443262482F40031B316 /* Info.plist */ = {isa = PBXFileReference; lastKnownFileType = text.plist.xml; path = Info.plist; sourceTree = "<group>"; };
		8492D45F262483970031B316 /* Backend.swift */ = {isa = PBXFileReference; lastKnownFileType = sourcecode.swift; path = Backend.swift; sourceTree = "<group>"; };
		8492D467262485CD0031B316 /* BackendTaskStub.swift */ = {isa = PBXFileReference; lastKnownFileType = sourcecode.swift; path = BackendTaskStub.swift; sourceTree = "<group>"; };
		84BE0D2E262722A80056F536 /* WeakContainer.swift */ = {isa = PBXFileReference; lastKnownFileType = sourcecode.swift; path = WeakContainer.swift; sourceTree = "<group>"; };
		84BE0D34262722EA0056F536 /* WeakStorage.swift */ = {isa = PBXFileReference; lastKnownFileType = sourcecode.swift; path = WeakStorage.swift; sourceTree = "<group>"; };
		84BE0D3C262739AF0056F536 /* ControlCombineListener.swift */ = {isa = PBXFileReference; lastKnownFileType = sourcecode.swift; path = ControlCombineListener.swift; sourceTree = "<group>"; };
		84BE0D412627DFDC0056F536 /* DisposeBag.swift */ = {isa = PBXFileReference; lastKnownFileType = sourcecode.swift; path = DisposeBag.swift; sourceTree = "<group>"; };
		84BE0D532627FFDE0056F536 /* DataUpdates.playground */ = {isa = PBXFileReference; lastKnownFileType = file.playground; path = DataUpdates.playground; sourceTree = "<group>"; xcLanguageSpecificationIdentifier = xcode.lang.swift; };
/* End PBXFileReference section */

/* Begin PBXFrameworksBuildPhase section */
		8492D419262482F10031B316 /* Frameworks */ = {
			isa = PBXFrameworksBuildPhase;
			buildActionMask = 2147483647;
			files = (
			);
			runOnlyForDeploymentPostprocessing = 0;
		};
		8492D42F262482F40031B316 /* Frameworks */ = {
			isa = PBXFrameworksBuildPhase;
			buildActionMask = 2147483647;
			files = (
			);
			runOnlyForDeploymentPostprocessing = 0;
		};
		8492D43A262482F40031B316 /* Frameworks */ = {
			isa = PBXFrameworksBuildPhase;
			buildActionMask = 2147483647;
			files = (
			);
			runOnlyForDeploymentPostprocessing = 0;
		};
/* End PBXFrameworksBuildPhase section */

/* Begin PBXGroup section */
		841DB2B12625E476007BAB33 /* InputController */ = {
			isa = PBXGroup;
			children = (
				841DB2B22625E487007BAB33 /* InputController.swift */,
			);
			path = InputController;
			sourceTree = "<group>";
		};
		8492D413262482F10031B316 = {
			isa = PBXGroup;
			children = (
				84BE0D532627FFDE0056F536 /* DataUpdates.playground */,
				8492D41E262482F10031B316 /* CombineAlgorithm */,
				8492D435262482F40031B316 /* CombineAlgorithmTests */,
				8492D440262482F40031B316 /* CombineAlgorithmUITests */,
				8492D41D262482F10031B316 /* Products */,
			);
			sourceTree = "<group>";
		};
		8492D41D262482F10031B316 /* Products */ = {
			isa = PBXGroup;
			children = (
				8492D41C262482F10031B316 /* CombineAlgorithm.app */,
				8492D432262482F40031B316 /* CombineAlgorithmTests.xctest */,
				8492D43D262482F40031B316 /* CombineAlgorithmUITests.xctest */,
			);
			name = Products;
			sourceTree = "<group>";
		};
		8492D41E262482F10031B316 /* CombineAlgorithm */ = {
			isa = PBXGroup;
			children = (
				8492D41F262482F10031B316 /* AppDelegate.swift */,
				8492D421262482F10031B316 /* SceneDelegate.swift */,
				8492D423262482F10031B316 /* ViewController.swift */,
				84BE0D33262722D90056F536 /* Utils */,
				841DB2B12625E476007BAB33 /* InputController */,
				8492D45E262483840031B316 /* Backend */,
				8492D425262482F10031B316 /* Main.storyboard */,
				8492D428262482F40031B316 /* Assets.xcassets */,
				8492D42A262482F40031B316 /* LaunchScreen.storyboard */,
				8492D42D262482F40031B316 /* Info.plist */,
			);
			path = CombineAlgorithm;
			sourceTree = "<group>";
		};
		8492D435262482F40031B316 /* CombineAlgorithmTests */ = {
			isa = PBXGroup;
			children = (
				8492D436262482F40031B316 /* CombineAlgorithmTests.swift */,
				8492D438262482F40031B316 /* Info.plist */,
			);
			path = CombineAlgorithmTests;
			sourceTree = "<group>";
		};
		8492D440262482F40031B316 /* CombineAlgorithmUITests */ = {
			isa = PBXGroup;
			children = (
				8492D441262482F40031B316 /* CombineAlgorithmUITests.swift */,
				8492D443262482F40031B316 /* Info.plist */,
			);
			path = CombineAlgorithmUITests;
			sourceTree = "<group>";
		};
		8492D45E262483840031B316 /* Backend */ = {
			isa = PBXGroup;
			children = (
				8492D45F262483970031B316 /* Backend.swift */,
				8492D467262485CD0031B316 /* BackendTaskStub.swift */,
			);
			path = Backend;
			sourceTree = "<group>";
		};
		84BE0D33262722D90056F536 /* Utils */ = {
			isa = PBXGroup;
			children = (
				84BE0D2E262722A80056F536 /* WeakContainer.swift */,
				84BE0D34262722EA0056F536 /* WeakStorage.swift */,
				84BE0D3C262739AF0056F536 /* ControlCombineListener.swift */,
				84BE0D412627DFDC0056F536 /* DisposeBag.swift */,
			);
			path = Utils;
			sourceTree = "<group>";
		};
/* End PBXGroup section */

/* Begin PBXNativeTarget section */
		8492D41B262482F10031B316 /* CombineAlgorithm */ = {
			isa = PBXNativeTarget;
			buildConfigurationList = 8492D446262482F40031B316 /* Build configuration list for PBXNativeTarget "CombineAlgorithm" */;
			buildPhases = (
				8492D418262482F10031B316 /* Sources */,
				8492D419262482F10031B316 /* Frameworks */,
				8492D41A262482F10031B316 /* Resources */,
			);
			buildRules = (
			);
			dependencies = (
			);
			name = CombineAlgorithm;
			productName = CombineAlgorithm;
			productReference = 8492D41C262482F10031B316 /* CombineAlgorithm.app */;
			productType = "com.apple.product-type.application";
		};
		8492D431262482F40031B316 /* CombineAlgorithmTests */ = {
			isa = PBXNativeTarget;
			buildConfigurationList = 8492D449262482F40031B316 /* Build configuration list for PBXNativeTarget "CombineAlgorithmTests" */;
			buildPhases = (
				8492D42E262482F40031B316 /* Sources */,
				8492D42F262482F40031B316 /* Frameworks */,
				8492D430262482F40031B316 /* Resources */,
			);
			buildRules = (
			);
			dependencies = (
				8492D434262482F40031B316 /* PBXTargetDependency */,
			);
			name = CombineAlgorithmTests;
			productName = CombineAlgorithmTests;
			productReference = 8492D432262482F40031B316 /* CombineAlgorithmTests.xctest */;
			productType = "com.apple.product-type.bundle.unit-test";
		};
		8492D43C262482F40031B316 /* CombineAlgorithmUITests */ = {
			isa = PBXNativeTarget;
			buildConfigurationList = 8492D44C262482F40031B316 /* Build configuration list for PBXNativeTarget "CombineAlgorithmUITests" */;
			buildPhases = (
				8492D439262482F40031B316 /* Sources */,
				8492D43A262482F40031B316 /* Frameworks */,
				8492D43B262482F40031B316 /* Resources */,
			);
			buildRules = (
			);
			dependencies = (
				8492D43F262482F40031B316 /* PBXTargetDependency */,
			);
			name = CombineAlgorithmUITests;
			productName = CombineAlgorithmUITests;
			productReference = 8492D43D262482F40031B316 /* CombineAlgorithmUITests.xctest */;
			productType = "com.apple.product-type.bundle.ui-testing";
		};
/* End PBXNativeTarget section */

/* Begin PBXProject section */
		8492D414262482F10031B316 /* Project object */ = {
			isa = PBXProject;
			attributes = {
				LastSwiftUpdateCheck = 1240;
				LastUpgradeCheck = 1240;
				TargetAttributes = {
					8492D41B262482F10031B316 = {
						CreatedOnToolsVersion = 12.4;
					};
					8492D431262482F40031B316 = {
						CreatedOnToolsVersion = 12.4;
						TestTargetID = 8492D41B262482F10031B316;
					};
					8492D43C262482F40031B316 = {
						CreatedOnToolsVersion = 12.4;
						TestTargetID = 8492D41B262482F10031B316;
					};
				};
			};
			buildConfigurationList = 8492D417262482F10031B316 /* Build configuration list for PBXProject "CombineAlgorithm" */;
			compatibilityVersion = "Xcode 9.3";
			developmentRegion = en;
			hasScannedForEncodings = 0;
			knownRegions = (
				en,
				Base,
			);
			mainGroup = 8492D413262482F10031B316;
			productRefGroup = 8492D41D262482F10031B316 /* Products */;
			projectDirPath = "";
			projectRoot = "";
			targets = (
				8492D41B262482F10031B316 /* CombineAlgorithm */,
				8492D431262482F40031B316 /* CombineAlgorithmTests */,
				8492D43C262482F40031B316 /* CombineAlgorithmUITests */,
			);
		};
/* End PBXProject section */

/* Begin PBXResourcesBuildPhase section */
		8492D41A262482F10031B316 /* Resources */ = {
			isa = PBXResourcesBuildPhase;
			buildActionMask = 2147483647;
			files = (
				8492D42C262482F40031B316 /* LaunchScreen.storyboard in Resources */,
				8492D429262482F40031B316 /* Assets.xcassets in Resources */,
				8492D427262482F10031B316 /* Main.storyboard in Resources */,
			);
			runOnlyForDeploymentPostprocessing = 0;
		};
		8492D430262482F40031B316 /* Resources */ = {
			isa = PBXResourcesBuildPhase;
			buildActionMask = 2147483647;
			files = (
			);
			runOnlyForDeploymentPostprocessing = 0;
		};
		8492D43B262482F40031B316 /* Resources */ = {
			isa = PBXResourcesBuildPhase;
			buildActionMask = 2147483647;
			files = (
			);
			runOnlyForDeploymentPostprocessing = 0;
		};
/* End PBXResourcesBuildPhase section */

/* Begin PBXSourcesBuildPhase section */
		8492D418262482F10031B316 /* Sources */ = {
			isa = PBXSourcesBuildPhase;
			buildActionMask = 2147483647;
			files = (
				84BE0D2F262722A80056F536 /* WeakContainer.swift in Sources */,
				84BE0D3D262739AF0056F536 /* ControlCombineListener.swift in Sources */,
				84BE0D35262722EA0056F536 /* WeakStorage.swift in Sources */,
				841DB2B32625E488007BAB33 /* InputController.swift in Sources */,
				8492D460262483970031B316 /* Backend.swift in Sources */,
				8492D424262482F10031B316 /* ViewController.swift in Sources */,
				8492D420262482F10031B316 /* AppDelegate.swift in Sources */,
				8492D468262485CD0031B316 /* BackendTaskStub.swift in Sources */,
				84BE0D422627DFDC0056F536 /* DisposeBag.swift in Sources */,
				8492D422262482F10031B316 /* SceneDelegate.swift in Sources */,
			);
			runOnlyForDeploymentPostprocessing = 0;
		};
		8492D42E262482F40031B316 /* Sources */ = {
			isa = PBXSourcesBuildPhase;
			buildActionMask = 2147483647;
			files = (
				8492D437262482F40031B316 /* CombineAlgorithmTests.swift in Sources */,
			);
			runOnlyForDeploymentPostprocessing = 0;
		};
		8492D439262482F40031B316 /* Sources */ = {
			isa = PBXSourcesBuildPhase;
			buildActionMask = 2147483647;
			files = (
				8492D442262482F40031B316 /* CombineAlgorithmUITests.swift in Sources */,
			);
			runOnlyForDeploymentPostprocessing = 0;
		};
/* End PBXSourcesBuildPhase section */

/* Begin PBXTargetDependency section */
		8492D434262482F40031B316 /* PBXTargetDependency */ = {
			isa = PBXTargetDependency;
			target = 8492D41B262482F10031B316 /* CombineAlgorithm */;
			targetProxy = 8492D433262482F40031B316 /* PBXContainerItemProxy */;
		};
		8492D43F262482F40031B316 /* PBXTargetDependency */ = {
			isa = PBXTargetDependency;
			target = 8492D41B262482F10031B316 /* CombineAlgorithm */;
			targetProxy = 8492D43E262482F40031B316 /* PBXContainerItemProxy */;
		};
/* End PBXTargetDependency section */

/* Begin PBXVariantGroup section */
		8492D425262482F10031B316 /* Main.storyboard */ = {
			isa = PBXVariantGroup;
			children = (
				8492D426262482F10031B316 /* Base */,
			);
			name = Main.storyboard;
			sourceTree = "<group>";
		};
		8492D42A262482F40031B316 /* LaunchScreen.storyboard */ = {
			isa = PBXVariantGroup;
			children = (
				8492D42B262482F40031B316 /* Base */,
			);
			name = LaunchScreen.storyboard;
			sourceTree = "<group>";
		};
/* End PBXVariantGroup section */

/* Begin XCBuildConfiguration section */
		8492D444262482F40031B316 /* Debug */ = {
			isa = XCBuildConfiguration;
			buildSettings = {
				ALWAYS_SEARCH_USER_PATHS = NO;
				CLANG_ANALYZER_NONNULL = YES;
				CLANG_ANALYZER_NUMBER_OBJECT_CONVERSION = YES_AGGRESSIVE;
				CLANG_CXX_LANGUAGE_STANDARD = "gnu++14";
				CLANG_CXX_LIBRARY = "libc++";
				CLANG_ENABLE_MODULES = YES;
				CLANG_ENABLE_OBJC_ARC = YES;
				CLANG_ENABLE_OBJC_WEAK = YES;
				CLANG_WARN_BLOCK_CAPTURE_AUTORELEASING = YES;
				CLANG_WARN_BOOL_CONVERSION = YES;
				CLANG_WARN_COMMA = YES;
				CLANG_WARN_CONSTANT_CONVERSION = YES;
				CLANG_WARN_DEPRECATED_OBJC_IMPLEMENTATIONS = YES;
				CLANG_WARN_DIRECT_OBJC_ISA_USAGE = YES_ERROR;
				CLANG_WARN_DOCUMENTATION_COMMENTS = YES;
				CLANG_WARN_EMPTY_BODY = YES;
				CLANG_WARN_ENUM_CONVERSION = YES;
				CLANG_WARN_INFINITE_RECURSION = YES;
				CLANG_WARN_INT_CONVERSION = YES;
				CLANG_WARN_NON_LITERAL_NULL_CONVERSION = YES;
				CLANG_WARN_OBJC_IMPLICIT_RETAIN_SELF = YES;
				CLANG_WARN_OBJC_LITERAL_CONVERSION = YES;
				CLANG_WARN_OBJC_ROOT_CLASS = YES_ERROR;
				CLANG_WARN_QUOTED_INCLUDE_IN_FRAMEWORK_HEADER = YES;
				CLANG_WARN_RANGE_LOOP_ANALYSIS = YES;
				CLANG_WARN_STRICT_PROTOTYPES = YES;
				CLANG_WARN_SUSPICIOUS_MOVE = YES;
				CLANG_WARN_UNGUARDED_AVAILABILITY = YES_AGGRESSIVE;
				CLANG_WARN_UNREACHABLE_CODE = YES;
				CLANG_WARN__DUPLICATE_METHOD_MATCH = YES;
				COPY_PHASE_STRIP = NO;
				DEBUG_INFORMATION_FORMAT = dwarf;
				ENABLE_STRICT_OBJC_MSGSEND = YES;
				ENABLE_TESTABILITY = YES;
				GCC_C_LANGUAGE_STANDARD = gnu11;
				GCC_DYNAMIC_NO_PIC = NO;
				GCC_NO_COMMON_BLOCKS = YES;
				GCC_OPTIMIZATION_LEVEL = 0;
				GCC_PREPROCESSOR_DEFINITIONS = (
					"DEBUG=1",
					"$(inherited)",
				);
				GCC_WARN_64_TO_32_BIT_CONVERSION = YES;
				GCC_WARN_ABOUT_RETURN_TYPE = YES_ERROR;
				GCC_WARN_UNDECLARED_SELECTOR = YES;
				GCC_WARN_UNINITIALIZED_AUTOS = YES_AGGRESSIVE;
				GCC_WARN_UNUSED_FUNCTION = YES;
				GCC_WARN_UNUSED_VARIABLE = YES;
				IPHONEOS_DEPLOYMENT_TARGET = 13.0;
				MTL_ENABLE_DEBUG_INFO = INCLUDE_SOURCE;
				MTL_FAST_MATH = YES;
				ONLY_ACTIVE_ARCH = YES;
				SDKROOT = iphoneos;
				SWIFT_ACTIVE_COMPILATION_CONDITIONS = DEBUG;
				SWIFT_OPTIMIZATION_LEVEL = "-Onone";
			};
			name = Debug;
		};
		8492D445262482F40031B316 /* Release */ = {
			isa = XCBuildConfiguration;
			buildSettings = {
				ALWAYS_SEARCH_USER_PATHS = NO;
				CLANG_ANALYZER_NONNULL = YES;
				CLANG_ANALYZER_NUMBER_OBJECT_CONVERSION = YES_AGGRESSIVE;
				CLANG_CXX_LANGUAGE_STANDARD = "gnu++14";
				CLANG_CXX_LIBRARY = "libc++";
				CLANG_ENABLE_MODULES = YES;
				CLANG_ENABLE_OBJC_ARC = YES;
				CLANG_ENABLE_OBJC_WEAK = YES;
				CLANG_WARN_BLOCK_CAPTURE_AUTORELEASING = YES;
				CLANG_WARN_BOOL_CONVERSION = YES;
				CLANG_WARN_COMMA = YES;
				CLANG_WARN_CONSTANT_CONVERSION = YES;
				CLANG_WARN_DEPRECATED_OBJC_IMPLEMENTATIONS = YES;
				CLANG_WARN_DIRECT_OBJC_ISA_USAGE = YES_ERROR;
				CLANG_WARN_DOCUMENTATION_COMMENTS = YES;
				CLANG_WARN_EMPTY_BODY = YES;
				CLANG_WARN_ENUM_CONVERSION = YES;
				CLANG_WARN_INFINITE_RECURSION = YES;
				CLANG_WARN_INT_CONVERSION = YES;
				CLANG_WARN_NON_LITERAL_NULL_CONVERSION = YES;
				CLANG_WARN_OBJC_IMPLICIT_RETAIN_SELF = YES;
				CLANG_WARN_OBJC_LITERAL_CONVERSION = YES;
				CLANG_WARN_OBJC_ROOT_CLASS = YES_ERROR;
				CLANG_WARN_QUOTED_INCLUDE_IN_FRAMEWORK_HEADER = YES;
				CLANG_WARN_RANGE_LOOP_ANALYSIS = YES;
				CLANG_WARN_STRICT_PROTOTYPES = YES;
				CLANG_WARN_SUSPICIOUS_MOVE = YES;
				CLANG_WARN_UNGUARDED_AVAILABILITY = YES_AGGRESSIVE;
				CLANG_WARN_UNREACHABLE_CODE = YES;
				CLANG_WARN__DUPLICATE_METHOD_MATCH = YES;
				COPY_PHASE_STRIP = NO;
				DEBUG_INFORMATION_FORMAT = "dwarf-with-dsym";
				ENABLE_NS_ASSERTIONS = NO;
				ENABLE_STRICT_OBJC_MSGSEND = YES;
				GCC_C_LANGUAGE_STANDARD = gnu11;
				GCC_NO_COMMON_BLOCKS = YES;
				GCC_WARN_64_TO_32_BIT_CONVERSION = YES;
				GCC_WARN_ABOUT_RETURN_TYPE = YES_ERROR;
				GCC_WARN_UNDECLARED_SELECTOR = YES;
				GCC_WARN_UNINITIALIZED_AUTOS = YES_AGGRESSIVE;
				GCC_WARN_UNUSED_FUNCTION = YES;
				GCC_WARN_UNUSED_VARIABLE = YES;
				IPHONEOS_DEPLOYMENT_TARGET = 13.0;
				MTL_ENABLE_DEBUG_INFO = NO;
				MTL_FAST_MATH = YES;
				SDKROOT = iphoneos;
				SWIFT_COMPILATION_MODE = wholemodule;
				SWIFT_OPTIMIZATION_LEVEL = "-O";
				VALIDATE_PRODUCT = YES;
			};
			name = Release;
		};
		8492D447262482F40031B316 /* Debug */ = {
			isa = XCBuildConfiguration;
			buildSettings = {
				ASSETCATALOG_COMPILER_APPICON_NAME = AppIcon;
				ASSETCATALOG_COMPILER_GLOBAL_ACCENT_COLOR_NAME = AccentColor;
				CODE_SIGN_STYLE = Automatic;
				DEVELOPMENT_TEAM = T2G75CA62J;
				INFOPLIST_FILE = CombineAlgorithm/Info.plist;
				LD_RUNPATH_SEARCH_PATHS = (
					"$(inherited)",
					"@executable_path/Frameworks",
				);
				PRODUCT_BUNDLE_IDENTIFIER = home.CombineAlgorithm;
				PRODUCT_NAME = "$(TARGET_NAME)";
				SWIFT_VERSION = 5.0;
				TARGETED_DEVICE_FAMILY = "1,2";
			};
			name = Debug;
		};
		8492D448262482F40031B316 /* Release */ = {
			isa = XCBuildConfiguration;
			buildSettings = {
				ASSETCATALOG_COMPILER_APPICON_NAME = AppIcon;
				ASSETCATALOG_COMPILER_GLOBAL_ACCENT_COLOR_NAME = AccentColor;
				CODE_SIGN_STYLE = Automatic;
				DEVELOPMENT_TEAM = T2G75CA62J;
				INFOPLIST_FILE = CombineAlgorithm/Info.plist;
				LD_RUNPATH_SEARCH_PATHS = (
					"$(inherited)",
					"@executable_path/Frameworks",
				);
				PRODUCT_BUNDLE_IDENTIFIER = home.CombineAlgorithm;
				PRODUCT_NAME = "$(TARGET_NAME)";
				SWIFT_VERSION = 5.0;
				TARGETED_DEVICE_FAMILY = "1,2";
			};
			name = Release;
		};
		8492D44A262482F40031B316 /* Debug */ = {
			isa = XCBuildConfiguration;
			buildSettings = {
				ALWAYS_EMBED_SWIFT_STANDARD_LIBRARIES = YES;
				BUNDLE_LOADER = "$(TEST_HOST)";
				CODE_SIGN_STYLE = Automatic;
				DEVELOPMENT_TEAM = T2G75CA62J;
				INFOPLIST_FILE = CombineAlgorithmTests/Info.plist;
				IPHONEOS_DEPLOYMENT_TARGET = 14.4;
				LD_RUNPATH_SEARCH_PATHS = (
					"$(inherited)",
					"@executable_path/Frameworks",
					"@loader_path/Frameworks",
				);
				PRODUCT_BUNDLE_IDENTIFIER = home.CombineAlgorithmTests;
				PRODUCT_NAME = "$(TARGET_NAME)";
				SWIFT_VERSION = 5.0;
				TARGETED_DEVICE_FAMILY = "1,2";
				TEST_HOST = "$(BUILT_PRODUCTS_DIR)/CombineAlgorithm.app/CombineAlgorithm";
			};
			name = Debug;
		};
		8492D44B262482F40031B316 /* Release */ = {
			isa = XCBuildConfiguration;
			buildSettings = {
				ALWAYS_EMBED_SWIFT_STANDARD_LIBRARIES = YES;
				BUNDLE_LOADER = "$(TEST_HOST)";
				CODE_SIGN_STYLE = Automatic;
				DEVELOPMENT_TEAM = T2G75CA62J;
				INFOPLIST_FILE = CombineAlgorithmTests/Info.plist;
				IPHONEOS_DEPLOYMENT_TARGET = 14.4;
				LD_RUNPATH_SEARCH_PATHS = (
					"$(inherited)",
					"@executable_path/Frameworks",
					"@loader_path/Frameworks",
				);
				PRODUCT_BUNDLE_IDENTIFIER = home.CombineAlgorithmTests;
				PRODUCT_NAME = "$(TARGET_NAME)";
				SWIFT_VERSION = 5.0;
				TARGETED_DEVICE_FAMILY = "1,2";
				TEST_HOST = "$(BUILT_PRODUCTS_DIR)/CombineAlgorithm.app/CombineAlgorithm";
			};
			name = Release;
		};
		8492D44D262482F40031B316 /* Debug */ = {
			isa = XCBuildConfiguration;
			buildSettings = {
				ALWAYS_EMBED_SWIFT_STANDARD_LIBRARIES = YES;
				CODE_SIGN_STYLE = Automatic;
				DEVELOPMENT_TEAM = T2G75CA62J;
				INFOPLIST_FILE = CombineAlgorithmUITests/Info.plist;
				LD_RUNPATH_SEARCH_PATHS = (
					"$(inherited)",
					"@executable_path/Frameworks",
					"@loader_path/Frameworks",
				);
				PRODUCT_BUNDLE_IDENTIFIER = home.CombineAlgorithmUITests;
				PRODUCT_NAME = "$(TARGET_NAME)";
				SWIFT_VERSION = 5.0;
				TARGETED_DEVICE_FAMILY = "1,2";
				TEST_TARGET_NAME = CombineAlgorithm;
			};
			name = Debug;
		};
		8492D44E262482F40031B316 /* Release */ = {
			isa = XCBuildConfiguration;
			buildSettings = {
				ALWAYS_EMBED_SWIFT_STANDARD_LIBRARIES = YES;
				CODE_SIGN_STYLE = Automatic;
				DEVELOPMENT_TEAM = T2G75CA62J;
				INFOPLIST_FILE = CombineAlgorithmUITests/Info.plist;
				LD_RUNPATH_SEARCH_PATHS = (
					"$(inherited)",
					"@executable_path/Frameworks",
					"@loader_path/Frameworks",
				);
				PRODUCT_BUNDLE_IDENTIFIER = home.CombineAlgorithmUITests;
				PRODUCT_NAME = "$(TARGET_NAME)";
				SWIFT_VERSION = 5.0;
				TARGETED_DEVICE_FAMILY = "1,2";
				TEST_TARGET_NAME = CombineAlgorithm;
			};
			name = Release;
		};
/* End XCBuildConfiguration section */

/* Begin XCConfigurationList section */
		8492D417262482F10031B316 /* Build configuration list for PBXProject "CombineAlgorithm" */ = {
			isa = XCConfigurationList;
			buildConfigurations = (
				8492D444262482F40031B316 /* Debug */,
				8492D445262482F40031B316 /* Release */,
			);
			defaultConfigurationIsVisible = 0;
			defaultConfigurationName = Release;
		};
		8492D446262482F40031B316 /* Build configuration list for PBXNativeTarget "CombineAlgorithm" */ = {
			isa = XCConfigurationList;
			buildConfigurations = (
				8492D447262482F40031B316 /* Debug */,
				8492D448262482F40031B316 /* Release */,
			);
			defaultConfigurationIsVisible = 0;
			defaultConfigurationName = Release;
		};
		8492D449262482F40031B316 /* Build configuration list for PBXNativeTarget "CombineAlgorithmTests" */ = {
			isa = XCConfigurationList;
			buildConfigurations = (
				8492D44A262482F40031B316 /* Debug */,
				8492D44B262482F40031B316 /* Release */,
			);
			defaultConfigurationIsVisible = 0;
			defaultConfigurationName = Release;
		};
		8492D44C262482F40031B316 /* Build configuration list for PBXNativeTarget "CombineAlgorithmUITests" */ = {
			isa = XCConfigurationList;
			buildConfigurations = (
				8492D44D262482F40031B316 /* Debug */,
				8492D44E262482F40031B316 /* Release */,
			);
			defaultConfigurationIsVisible = 0;
			defaultConfigurationName = Release;
		};
/* End XCConfigurationList section */
	};
	rootObject = 8492D414262482F10031B316 /* Project object */;
}
